
Microsoft Visual Studio Solution File, Format Version 12.00
# Visual Studio Version 16
VisualStudioVersion = 16.0.31729.503
MinimumVisualStudioVersion = 10.0.40219.1
Project("{FAE04EC0-301F-11D3-BF4B-00C04F79EFBC}") = "KerwaKasse", "KerwaKasse\KerwaKasse.csproj", "{5111851C-CE50-494E-AFA2-6A4CD70CAD30}"
EndProject
Project("{FAE04EC0-301F-11D3-BF4B-00C04F79EFBC}") = "KerwaKasse.Core", "KerwaKasse.Core\KerwaKasse.Core.csproj", "{AB5EB946-EE16-4301-A78D-BC7964495D70}"
EndProject
Project("{FAE04EC0-301F-11D3-BF4B-00C04F79EFBC}") = "KerwaKasse.Core.Tests", "KerwaKasse.Core.Tests\KerwaKasse.Core.Tests.csproj", "{08D6967B-C4E0-40EC-BB4D-13937D99BB3B}"
EndProject
Project("{FAE04EC0-301F-11D3-BF4B-00C04F79EFBC}") = "KerwaKasse.Tests", "KerwaKasse.Tests\KerwaKasse.Tests.csproj", "{231BEB23-CCD0-4034-9AAC-B4F7D63AEF01}"
EndProject
Global
	GlobalSection(SolutionConfigurationPlatforms) = preSolution
		Debug|Any CPU = Debug|Any CPU
		Debug|x64 = Debug|x64
		Debug|x86 = Debug|x86
		Release|Any CPU = Release|Any CPU
		Release|x64 = Release|x64
		Release|x86 = Release|x86
	EndGlobalSection
	GlobalSection(ProjectConfigurationPlatforms) = postSolution
		{5111851C-CE50-494E-AFA2-6A4CD70CAD30}.Debug|Any CPU.ActiveCfg = Debug|Any CPU
		{5111851C-CE50-494E-AFA2-6A4CD70CAD30}.Debug|Any CPU.Build.0 = Debug|Any CPU
		{5111851C-CE50-494E-AFA2-6A4CD70CAD30}.Debug|x64.ActiveCfg = Debug|Any CPU
		{5111851C-CE50-494E-AFA2-6A4CD70CAD30}.Debug|x64.Build.0 = Debug|Any CPU
		{5111851C-CE50-494E-AFA2-6A4CD70CAD30}.Debug|x86.ActiveCfg = Debug|Any CPU
		{5111851C-CE50-494E-AFA2-6A4CD70CAD30}.Debug|x86.Build.0 = Debug|Any CPU
		{5111851C-CE50-494E-AFA2-6A4CD70CAD30}.Release|Any CPU.ActiveCfg = Release|Any CPU
		{5111851C-CE50-494E-AFA2-6A4CD70CAD30}.Release|Any CPU.Build.0 = Release|Any CPU
		{5111851C-CE50-494E-AFA2-6A4CD70CAD30}.Release|x64.ActiveCfg = Release|Any CPU
		{5111851C-CE50-494E-AFA2-6A4CD70CAD30}.Release|x64.Build.0 = Release|Any CPU
		{5111851C-CE50-494E-AFA2-6A4CD70CAD30}.Release|x86.ActiveCfg = Release|Any CPU
		{5111851C-CE50-494E-AFA2-6A4CD70CAD30}.Release|x86.Build.0 = Release|Any CPU
		{AB5EB946-EE16-4301-A78D-BC7964495D70}.Debug|Any CPU.ActiveCfg = Debug|Any CPU
		{AB5EB946-EE16-4301-A78D-BC7964495D70}.Debug|Any CPU.Build.0 = Debug|Any CPU
		{AB5EB946-EE16-4301-A78D-BC7964495D70}.Debug|x64.ActiveCfg = Debug|Any CPU
		{AB5EB946-EE16-4301-A78D-BC7964495D70}.Debug|x64.Build.0 = Debug|Any CPU
		{AB5EB946-EE16-4301-A78D-BC7964495D70}.Debug|x86.ActiveCfg = Debug|Any CPU
		{AB5EB946-EE16-4301-A78D-BC7964495D70}.Debug|x86.Build.0 = Debug|Any CPU
		{AB5EB946-EE16-4301-A78D-BC7964495D70}.Release|Any CPU.ActiveCfg = Release|Any CPU
		{AB5EB946-EE16-4301-A78D-BC7964495D70}.Release|Any CPU.Build.0 = Release|Any CPU
		{AB5EB946-EE16-4301-A78D-BC7964495D70}.Release|x64.ActiveCfg = Release|Any CPU
		{AB5EB946-EE16-4301-A78D-BC7964495D70}.Release|x64.Build.0 = Release|Any CPU
		{AB5EB946-EE16-4301-A78D-BC7964495D70}.Release|x86.ActiveCfg = Release|Any CPU
		{AB5EB946-EE16-4301-A78D-BC7964495D70}.Release|x86.Build.0 = Release|Any CPU
		{08D6967B-C4E0-40EC-BB4D-13937D99BB3B}.Debug|Any CPU.ActiveCfg = Debug|Any CPU
		{08D6967B-C4E0-40EC-BB4D-13937D99BB3B}.Debug|Any CPU.Build.0 = Debug|Any CPU
		{08D6967B-C4E0-40EC-BB4D-13937D99BB3B}.Debug|x64.ActiveCfg = Debug|Any CPU
		{08D6967B-C4E0-40EC-BB4D-13937D99BB3B}.Debug|x64.Build.0 = Debug|Any CPU
		{08D6967B-C4E0-40EC-BB4D-13937D99BB3B}.Debug|x86.ActiveCfg = Debug|Any CPU
		{08D6967B-C4E0-40EC-BB4D-13937D99BB3B}.Debug|x86.Build.0 = Debug|Any CPU
		{08D6967B-C4E0-40EC-BB4D-13937D99BB3B}.Release|Any CPU.ActiveCfg = Release|Any CPU
		{08D6967B-C4E0-40EC-BB4D-13937D99BB3B}.Release|Any CPU.Build.0 = Release|Any CPU
		{08D6967B-C4E0-40EC-BB4D-13937D99BB3B}.Release|x64.ActiveCfg = Release|Any CPU
		{08D6967B-C4E0-40EC-BB4D-13937D99BB3B}.Release|x64.Build.0 = Release|Any CPU
		{08D6967B-C4E0-40EC-BB4D-13937D99BB3B}.Release|x86.ActiveCfg = Release|Any CPU
		{08D6967B-C4E0-40EC-BB4D-13937D99BB3B}.Release|x86.Build.0 = Release|Any CPU
		{231BEB23-CCD0-4034-9AAC-B4F7D63AEF01}.Debug|Any CPU.ActiveCfg = Debug|Any CPU
		{231BEB23-CCD0-4034-9AAC-B4F7D63AEF01}.Debug|Any CPU.Build.0 = Debug|Any CPU
		{231BEB23-CCD0-4034-9AAC-B4F7D63AEF01}.Debug|x64.ActiveCfg = Debug|Any CPU
		{231BEB23-CCD0-4034-9AAC-B4F7D63AEF01}.Debug|x64.Build.0 = Debug|Any CPU
		{231BEB23-CCD0-4034-9AAC-B4F7D63AEF01}.Debug|x86.ActiveCfg = Debug|Any CPU
		{231BEB23-CCD0-4034-9AAC-B4F7D63AEF01}.Debug|x86.Build.0 = Debug|Any CPU
		{231BEB23-CCD0-4034-9AAC-B4F7D63AEF01}.Release|Any CPU.ActiveCfg = Release|Any CPU
		{231BEB23-CCD0-4034-9AAC-B4F7D63AEF01}.Release|Any CPU.Build.0 = Release|Any CPU
		{231BEB23-CCD0-4034-9AAC-B4F7D63AEF01}.Release|x64.ActiveCfg = Release|Any CPU
		{231BEB23-CCD0-4034-9AAC-B4F7D63AEF01}.Release|x64.Build.0 = Release|Any CPU
		{231BEB23-CCD0-4034-9AAC-B4F7D63AEF01}.Release|x86.ActiveCfg = Release|Any CPU
		{231BEB23-CCD0-4034-9AAC-B4F7D63AEF01}.Release|x86.Build.0 = Release|Any CPU
	EndGlobalSection
	GlobalSection(SolutionProperties) = preSolution
		HideSolutionNode = FALSE
	EndGlobalSection
	GlobalSection(ExtensibilityGlobals) = postSolution
		SolutionGuid = {76F52D98-B9E3-4FB7-8973-F441E2856DD0}
	EndGlobalSection
EndGlobal
